PATH
  remote: .
  specs:
    rrx_rails (8.0.2)
      rake
      thor

GEM
  remote: https://rubygems.org/
  specs:
    ast (2.4.3)
    binding_of_caller (1.0.1)
      debug_inspector (>= 1.2.0)
    debug_inspector (1.2.0)
    diff-lcs (1.6.2)
    json (2.13.2)
    language_server-protocol (3.17.0.5)
    lint_roller (1.1.0)
    parallel (1.27.0)
    parser (3.3.9.0)
      ast (~> 2.4.1)
      racc
    prism (1.4.0)
    proc_to_ast (0.2.0)
      parser
      rouge
      unparser
    racc (1.8.1)
    rainbow (3.1.1)
    rake (13.3.0)
    regexp_parser (2.11.2)
    rouge (4.6.0)
    rspec (3.13.1)
      rspec-core (~> 3.13.0)
      rspec-expectations (~> 3.13.0)
      rspec-mocks (~> 3.13.0)
    rspec-core (3.13.5)
      rspec-support (~> 3.13.0)
    rspec-expectations (3.13.5)
      diff-lcs (>= 1.2.0, < 2.0)
      rspec-support (~> 3.13.0)
    rspec-mocks (3.13.5)
      diff-lcs (>= 1.2.0, < 2.0)
      rspec-support (~> 3.13.0)
    rspec-parameterized (2.0.0)
      rspec-parameterized-core (>= 2, < 3)
      rspec-parameterized-table_syntax (>= 2, < 3)
    rspec-parameterized-core (2.0.0)
      parser
      prism
      proc_to_ast (>= 0.2.0)
      rspec (>= 2.13, < 4)
      unparser
    rspec-parameterized-table_syntax (2.0.0)
      binding_of_caller
      rspec-parameterized-core (>= 2, < 3)
    rspec-support (3.13.5)
    rubocop (1.80.0)
      json (~> 2.3)
      language_server-protocol (~> 3.17.0.2)
      lint_roller (~> 1.1.0)
      parallel (~> 1.10)
      parser (>= 3.3.0.2)
      rainbow (>= 2.2.2, < 4.0)
      regexp_parser (>= 2.9.3, < 3.0)
      rubocop-ast (>= 1.46.0, < 2.0)
      ruby-progressbar (~> 1.7)
      unicode-display_width (>= 2.4.0, < 4.0)
    rubocop-ast (1.46.0)
      parser (>= 3.3.7.2)
      prism (~> 1.4)
    ruby-progressbar (1.13.0)
    thor (1.4.0)
    unicode-display_width (3.1.5)
      unicode-emoji (~> 4.0, >= 4.0.4)
    unicode-emoji (4.0.4)
    unparser (0.8.0)
      diff-lcs (~> 1.6)
      parser (>= 3.3.0)
      prism (>= 1.4)

PLATFORMS
  x86_64-linux

DEPENDENCIES
  rrx_rails!
  rspec
  rspec-core
  rspec-parameterized
  rubocop

BUNDLED WITH
   2.4.19
